
Microsoft Visual Studio Solution File, Format Version 12.00
# Visual Studio Version 17
VisualStudioVersion = 17.6.33815.320
MinimumVisualStudioVersion = 10.0.40219.1
Project("{9A19103F-16F7-4668-BE54-9A1E7A4F7556}") = "ChallangeApp", "ChallangeApp\ChallangeApp.csproj", "{0A7409A1-A7BE-4EF3-A2F7-BDC38B4EC5EB}"
EndProject
Project("{FAE04EC0-301F-11D3-BF4B-00C04F79EFBC}") = "ChallangeApp.Tests", "ChallangeApp.Tests\ChallangeApp.Tests.csproj", "{EBA0D107-50E1-4CBF-A3FE-0840F9789706}"
EndProject
Global
	GlobalSection(SolutionConfigurationPlatforms) = preSolution
		Debug|Any CPU = Debug|Any CPU
		Release|Any CPU = Release|Any CPU
	EndGlobalSection
	GlobalSection(ProjectConfigurationPlatforms) = postSolution
		{0A7409A1-A7BE-4EF3-A2F7-BDC38B4EC5EB}.Debug|Any CPU.ActiveCfg = Debug|Any CPU
		{0A7409A1-A7BE-4EF3-A2F7-BDC38B4EC5EB}.Debug|Any CPU.Build.0 = Debug|Any CPU
		{0A7409A1-A7BE-4EF3-A2F7-BDC38B4EC5EB}.Release|Any CPU.ActiveCfg = Release|Any CPU
		{0A7409A1-A7BE-4EF3-A2F7-BDC38B4EC5EB}.Release|Any CPU.Build.0 = Release|Any CPU
		{EBA0D107-50E1-4CBF-A3FE-0840F9789706}.Debug|Any CPU.ActiveCfg = Debug|Any CPU
		{EBA0D107-50E1-4CBF-A3FE-0840F9789706}.Debug|Any CPU.Build.0 = Debug|Any CPU
		{EBA0D107-50E1-4CBF-A3FE-0840F9789706}.Release|Any CPU.ActiveCfg = Release|Any CPU
		{EBA0D107-50E1-4CBF-A3FE-0840F9789706}.Release|Any CPU.Build.0 = Release|Any CPU
	EndGlobalSection
	GlobalSection(SolutionProperties) = preSolution
		HideSolutionNode = FALSE
	EndGlobalSection
	GlobalSection(ExtensibilityGlobals) = postSolution
		SolutionGuid = {C7F08DA5-FB73-4488-AB34-7C5AA0D25854}
	EndGlobalSection
EndGlobal
